
Microsoft Visual Studio Solution File, Format Version 12.00
# Visual Studio 15
VisualStudioVersion = 15.0.27130.2026
MinimumVisualStudioVersion = 10.0.40219.1
Project("{E24C65DC-7377-472B-9ABA-BC803B73C61A}") = "JavascriptTask(1)", ".", "{D3FE9D0A-7F4C-4D18-A772-65199E48AEBF}"
	ProjectSection(WebsiteProperties) = preProject
		TargetFrameworkMoniker = ".NETFramework,Version%3Dv4.5"
		Debug.AspNetCompiler.VirtualPath = "/localhost_50620"
		Debug.AspNetCompiler.PhysicalPath = "..\JavascriptTask\"
		Debug.AspNetCompiler.TargetPath = "PrecompiledWeb\localhost_50620\"
		Debug.AspNetCompiler.Updateable = "true"
		Debug.AspNetCompiler.ForceOverwrite = "true"
		Debug.AspNetCompiler.FixedNames = "false"
		Debug.AspNetCompiler.Debug = "True"
		Release.AspNetCompiler.VirtualPath = "/localhost_50620"
		Release.AspNetCompiler.PhysicalPath = "..\JavascriptTask\"
		Release.AspNetCompiler.TargetPath = "PrecompiledWeb\localhost_50620\"
		Release.AspNetCompiler.Updateable = "true"
		Release.AspNetCompiler.ForceOverwrite = "true"
		Release.AspNetCompiler.FixedNames = "false"
		Release.AspNetCompiler.Debug = "False"
		VWDPort = "50620"
		SlnRelativePath = "..\JavascriptTask\"
	EndProjectSection
EndProject
Global
	GlobalSection(SolutionConfigurationPlatforms) = preSolution
		Debug|Any CPU = Debug|Any CPU
	EndGlobalSection
	GlobalSection(ProjectConfigurationPlatforms) = postSolution
		{D3FE9D0A-7F4C-4D18-A772-65199E48AEBF}.Debug|Any CPU.ActiveCfg = Debug|Any CPU
		{D3FE9D0A-7F4C-4D18-A772-65199E48AEBF}.Debug|Any CPU.Build.0 = Debug|Any CPU
	EndGlobalSection
	GlobalSection(SolutionProperties) = preSolution
		HideSolutionNode = FALSE
	EndGlobalSection
	GlobalSection(ExtensibilityGlobals) = postSolution
		SolutionGuid = {E7A90483-BD7F-49B8-88AF-5A552C85BD96}
	EndGlobalSection
EndGlobal
